// !$*UTF8*$!
{
	archiveVersion = 1;
	classes = {
	};
	objectVersion = 56;
	objects = {

/* Begin PBXBuildFile section */
		B10918722C1E47BB0098732B /* AppDelegate.swift in Sources */ = {isa = PBXBuildFile; fileRef = B10918712C1E47BB0098732B /* AppDelegate.swift */; };
		B10918742C1E47BB0098732B /* SceneDelegate.swift in Sources */ = {isa = PBXBuildFile; fileRef = B10918732C1E47BB0098732B /* SceneDelegate.swift */; };
		B10918762C1E47BB0098732B /* ViewController.swift in Sources */ = {isa = PBXBuildFile; fileRef = B10918752C1E47BB0098732B /* ViewController.swift */; };
		B10918792C1E47BB0098732B /* Base in Resources */ = {isa = PBXBuildFile; fileRef = B10918782C1E47BB0098732B /* Base */; };
		B109187C2C1E47BB0098732B /* GitHub.xcdatamodeld in Sources */ = {isa = PBXBuildFile; fileRef = B109187A2C1E47BB0098732B /* GitHub.xcdatamodeld */; };
		B109187E2C1E47BC0098732B /* Assets.xcassets in Resources */ = {isa = PBXBuildFile; fileRef = B109187D2C1E47BC0098732B /* Assets.xcassets */; };
		B10918812C1E47BC0098732B /* Base in Resources */ = {isa = PBXBuildFile; fileRef = B10918802C1E47BC0098732B /* Base */; };
		B109188C2C1E47BD0098732B /* GitHubTests.swift in Sources */ = {isa = PBXBuildFile; fileRef = B109188B2C1E47BD0098732B /* GitHubTests.swift */; };
		B10918962C1E47BD0098732B /* GitHubUITests.swift in Sources */ = {isa = PBXBuildFile; fileRef = B10918952C1E47BD0098732B /* GitHubUITests.swift */; };
		B10918982C1E47BD0098732B /* GitHubUITestsLaunchTests.swift in Sources */ = {isa = PBXBuildFile; fileRef = B10918972C1E47BD0098732B /* GitHubUITestsLaunchTests.swift */; };
/* End PBXBuildFile section */

/* Begin PBXContainerItemProxy section */
		B10918882C1E47BD0098732B /* PBXContainerItemProxy */ = {
			isa = PBXContainerItemProxy;
			containerPortal = B10918662C1E47BB0098732B /* Project object */;
			proxyType = 1;
			remoteGlobalIDString = B109186D2C1E47BB0098732B;
			remoteInfo = GitHub;
		};
		B10918922C1E47BD0098732B /* PBXContainerItemProxy */ = {
			isa = PBXContainerItemProxy;
			containerPortal = B10918662C1E47BB0098732B /* Project object */;
			proxyType = 1;
			remoteGlobalIDString = B109186D2C1E47BB0098732B;
			remoteInfo = GitHub;
		};
/* End PBXContainerItemProxy section */

/* Begin PBXFileReference section */
		B109186E2C1E47BB0098732B /* GitHub.app */ = {isa = PBXFileReference; explicitFileType = wrapper.application; includeInIndex = 0; path = GitHub.app; sourceTree = BUILT_PRODUCTS_DIR; };
		B10918712C1E47BB0098732B /* AppDelegate.swift */ = {isa = PBXFileReference; lastKnownFileType = sourcecode.swift; path = AppDelegate.swift; sourceTree = "<group>"; };
		B10918732C1E47BB0098732B /* SceneDelegate.swift */ = {isa = PBXFileReference; lastKnownFileType = sourcecode.swift; path = SceneDelegate.swift; sourceTree = "<group>"; };
		B10918752C1E47BB0098732B /* ViewController.swift */ = {isa = PBXFileReference; lastKnownFileType = sourcecode.swift; path = ViewController.swift; sourceTree = "<group>"; };
		B10918782C1E47BB0098732B /* Base */ = {isa = PBXFileReference; lastKnownFileType = file.storyboard; name = Base; path = Base.lproj/Main.storyboard; sourceTree = "<group>"; };
		B109187B2C1E47BB0098732B /* GitHub.xcdatamodel */ = {isa = PBXFileReference; lastKnownFileType = wrapper.xcdatamodel; path = GitHub.xcdatamodel; sourceTree = "<group>"; };
		B109187D2C1E47BC0098732B /* Assets.xcassets */ = {isa = PBXFileReference; lastKnownFileType = folder.assetcatalog; path = Assets.xcassets; sourceTree = "<group>"; };
		B10918802C1E47BC0098732B /* Base */ = {isa = PBXFileReference; lastKnownFileType = file.storyboard; name = Base; path = Base.lproj/LaunchScreen.storyboard; sourceTree = "<group>"; };
		B10918822C1E47BC0098732B /* Info.plist */ = {isa = PBXFileReference; lastKnownFileType = text.plist.xml; path = Info.plist; sourceTree = "<group>"; };
		B10918872C1E47BD0098732B /* GitHubTests.xctest */ = {isa = PBXFileReference; explicitFileType = wrapper.cfbundle; includeInIndex = 0; path = GitHubTests.xctest; sourceTree = BUILT_PRODUCTS_DIR; };
		B109188B2C1E47BD0098732B /* GitHubTests.swift */ = {isa = PBXFileReference; lastKnownFileType = sourcecode.swift; path = GitHubTests.swift; sourceTree = "<group>"; };
		B10918912C1E47BD0098732B /* GitHubUITests.xctest */ = {isa = PBXFileReference; explicitFileType = wrapper.cfbundle; includeInIndex = 0; path = GitHubUITests.xctest; sourceTree = BUILT_PRODUCTS_DIR; };
		B10918952C1E47BD0098732B /* GitHubUITests.swift */ = {isa = PBXFileReference; lastKnownFileType = sourcecode.swift; path = GitHubUITests.swift; sourceTree = "<group>"; };
		B10918972C1E47BD0098732B /* GitHubUITestsLaunchTests.swift */ = {isa = PBXFileReference; lastKnownFileType = sourcecode.swift; path = GitHubUITestsLaunchTests.swift; sourceTree = "<group>"; };
/* End PBXFileReference section */

/* Begin PBXFrameworksBuildPhase section */
		B109186B2C1E47BB0098732B /* Frameworks */ = {
			isa = PBXFrameworksBuildPhase;
			buildActionMask = 2147483647;
			files = (
			);
			runOnlyForDeploymentPostprocessing = 0;
		};
		B10918842C1E47BD0098732B /* Frameworks */ = {
			isa = PBXFrameworksBuildPhase;
			buildActionMask = 2147483647;
			files = (
			);
			runOnlyForDeploymentPostprocessing = 0;
		};
		B109188E2C1E47BD0098732B /* Frameworks */ = {
			isa = PBXFrameworksBuildPhase;
			buildActionMask = 2147483647;
			files = (
			);
			runOnlyForDeploymentPostprocessing = 0;
		};
/* End PBXFrameworksBuildPhase section */

/* Begin PBXGroup section */
		B10918652C1E47BB0098732B = {
			isa = PBXGroup;
			children = (
				B10918702C1E47BB0098732B /* GitHub */,
				B109188A2C1E47BD0098732B /* GitHubTests */,
				B10918942C1E47BD0098732B /* GitHubUITests */,
				B109186F2C1E47BB0098732B /* Products */,
			);
			sourceTree = "<group>";
		};
		B109186F2C1E47BB0098732B /* Products */ = {
			isa = PBXGroup;
			children = (
				B109186E2C1E47BB0098732B /* GitHub.app */,
				B10918872C1E47BD0098732B /* GitHubTests.xctest */,
				B10918912C1E47BD0098732B /* GitHubUITests.xctest */,
			);
			name = Products;
			sourceTree = "<group>";
		};
		B10918702C1E47BB0098732B /* GitHub */ = {
			isa = PBXGroup;
			children = (
				B10918712C1E47BB0098732B /* AppDelegate.swift */,
				B10918732C1E47BB0098732B /* SceneDelegate.swift */,
				B10918752C1E47BB0098732B /* ViewController.swift */,
				B10918772C1E47BB0098732B /* Main.storyboard */,
				B109187D2C1E47BC0098732B /* Assets.xcassets */,
				B109187F2C1E47BC0098732B /* LaunchScreen.storyboard */,
				B10918822C1E47BC0098732B /* Info.plist */,
				B109187A2C1E47BB0098732B /* GitHub.xcdatamodeld */,
			);
			path = GitHub;
			sourceTree = "<group>";
		};
		B109188A2C1E47BD0098732B /* GitHubTests */ = {
			isa = PBXGroup;
			children = (
				B109188B2C1E47BD0098732B /* GitHubTests.swift */,
			);
			path = GitHubTests;
			sourceTree = "<group>";
		};
		B10918942C1E47BD0098732B /* GitHubUITests */ = {
			isa = PBXGroup;
			children = (
				B10918952C1E47BD0098732B /* GitHubUITests.swift */,
				B10918972C1E47BD0098732B /* GitHubUITestsLaunchTests.swift */,
			);
			path = GitHubUITests;
			sourceTree = "<group>";
		};
/* End PBXGroup section */

/* Begin PBXNativeTarget section */
		B109186D2C1E47BB0098732B /* GitHub */ = {
			isa = PBXNativeTarget;
			buildConfigurationList = B109189B2C1E47BD0098732B /* Build configuration list for PBXNativeTarget "GitHub" */;
			buildPhases = (
				B109186A2C1E47BB0098732B /* Sources */,
				B109186B2C1E47BB0098732B /* Frameworks */,
				B109186C2C1E47BB0098732B /* Resources */,
			);
			buildRules = (
			);
			dependencies = (
			);
			name = GitHub;
			productName = GitHub;
			productReference = B109186E2C1E47BB0098732B /* GitHub.app */;
			productType = "com.apple.product-type.application";
		};
		B10918862C1E47BD0098732B /* GitHubTests */ = {
			isa = PBXNativeTarget;
			buildConfigurationList = B109189E2C1E47BD0098732B /* Build configuration list for PBXNativeTarget "GitHubTests" */;
			buildPhases = (
				B10918832C1E47BD0098732B /* Sources */,
				B10918842C1E47BD0098732B /* Frameworks */,
				B10918852C1E47BD0098732B /* Resources */,
			);
			buildRules = (
			);
			dependencies = (
				B10918892C1E47BD0098732B /* PBXTargetDependency */,
			);
			name = GitHubTests;
			productName = GitHubTests;
			productReference = B10918872C1E47BD0098732B /* GitHubTests.xctest */;
			productType = "com.apple.product-type.bundle.unit-test";
		};
		B10918902C1E47BD0098732B /* GitHubUITests */ = {
			isa = PBXNativeTarget;
			buildConfigurationList = B10918A12C1E47BD0098732B /* Build configuration list for PBXNativeTarget "GitHubUITests" */;
			buildPhases = (
				B109188D2C1E47BD0098732B /* Sources */,
				B109188E2C1E47BD0098732B /* Frameworks */,
				B109188F2C1E47BD0098732B /* Resources */,
			);
			buildRules = (
			);
			dependencies = (
				B10918932C1E47BD0098732B /* PBXTargetDependency */,
			);
			name = GitHubUITests;
			productName = GitHubUITests;
			productReference = B10918912C1E47BD0098732B /* GitHubUITests.xctest */;
			productType = "com.apple.product-type.bundle.ui-testing";
		};
/* End PBXNativeTarget section */

/* Begin PBXProject section */
		B10918662C1E47BB0098732B /* Project object */ = {
			isa = PBXProject;
			attributes = {
				BuildIndependentTargetsInParallel = 1;
				LastSwiftUpdateCheck = 1540;
				LastUpgradeCheck = 1540;
				TargetAttributes = {
					B109186D2C1E47BB0098732B = {
						CreatedOnToolsVersion = 15.4;
					};
					B10918862C1E47BD0098732B = {
						CreatedOnToolsVersion = 15.4;
						TestTargetID = B109186D2C1E47BB0098732B;
					};
					B10918902C1E47BD0098732B = {
						CreatedOnToolsVersion = 15.4;
						TestTargetID = B109186D2C1E47BB0098732B;
					};
				};
			};
			buildConfigurationList = B10918692C1E47BB0098732B /* Build configuration list for PBXProject "GitHub" */;
			compatibilityVersion = "Xcode 14.0";
			developmentRegion = en;
			hasScannedForEncodings = 0;
			knownRegions = (
				en,
				Base,
			);
			mainGroup = B10918652C1E47BB0098732B;
			productRefGroup = B109186F2C1E47BB0098732B /* Products */;
			projectDirPath = "";
			projectRoot = "";
			targets = (
				B109186D2C1E47BB0098732B /* GitHub */,
				B10918862C1E47BD0098732B /* GitHubTests */,
				B10918902C1E47BD0098732B /* GitHubUITests */,
			);
		};
/* End PBXProject section */

/* Begin PBXResourcesBuildPhase section */
		B109186C2C1E47BB0098732B /* Resources */ = {
			isa = PBXResourcesBuildPhase;
			buildActionMask = 2147483647;
			files = (
				B109187E2C1E47BC0098732B /* Assets.xcassets in Resources */,
				B10918812C1E47BC0098732B /* Base in Resources */,
				B10918792C1E47BB0098732B /* Base in Resources */,
			);
			runOnlyForDeploymentPostprocessing = 0;
		};
		B10918852C1E47BD0098732B /* Resources */ = {
			isa = PBXResourcesBuildPhase;
			buildActionMask = 2147483647;
			files = (
			);
			runOnlyForDeploymentPostprocessing = 0;
		};
		B109188F2C1E47BD0098732B /* Resources */ = {
			isa = PBXResourcesBuildPhase;
			buildActionMask = 2147483647;
			files = (
			);
			runOnlyForDeploymentPostprocessing = 0;
		};
/* End PBXResourcesBuildPhase section */

/* Begin PBXSourcesBuildPhase section */
		B109186A2C1E47BB0098732B /* Sources */ = {
			isa = PBXSourcesBuildPhase;
			buildActionMask = 2147483647;
			files = (
				B10918762C1E47BB0098732B /* ViewController.swift in Sources */,
				B10918722C1E47BB0098732B /* AppDelegate.swift in Sources */,
				B109187C2C1E47BB0098732B /* GitHub.xcdatamodeld in Sources */,
				B10918742C1E47BB0098732B /* SceneDelegate.swift in Sources */,
			);
			runOnlyForDeploymentPostprocessing = 0;
		};
		B10918832C1E47BD0098732B /* Sources */ = {
			isa = PBXSourcesBuildPhase;
			buildActionMask = 2147483647;
			files = (
				B109188C2C1E47BD0098732B /* GitHubTests.swift in Sources */,
			);
			runOnlyForDeploymentPostprocessing = 0;
		};
		B109188D2C1E47BD0098732B /* Sources */ = {
			isa = PBXSourcesBuildPhase;
			buildActionMask = 2147483647;
			files = (
				B10918962C1E47BD0098732B /* GitHubUITests.swift in Sources */,
				B10918982C1E47BD0098732B /* GitHubUITestsLaunchTests.swift in Sources */,
			);
			runOnlyForDeploymentPostprocessing = 0;
		};
/* End PBXSourcesBuildPhase section */

/* Begin PBXTargetDependency section */
		B10918892C1E47BD0098732B /* PBXTargetDependency */ = {
			isa = PBXTargetDependency;
			target = B109186D2C1E47BB0098732B /* GitHub */;
			targetProxy = B10918882C1E47BD0098732B /* PBXContainerItemProxy */;
		};
		B10918932C1E47BD0098732B /* PBXTargetDependency */ = {
			isa = PBXTargetDependency;
			target = B109186D2C1E47BB0098732B /* GitHub */;
			targetProxy = B10918922C1E47BD0098732B /* PBXContainerItemProxy */;
		};
/* End PBXTargetDependency section */

/* Begin PBXVariantGroup section */
		B10918772C1E47BB0098732B /* Main.storyboard */ = {
			isa = PBXVariantGroup;
			children = (
				B10918782C1E47BB0098732B /* Base */,
			);
			name = Main.storyboard;
			sourceTree = "<group>";
		};
		B109187F2C1E47BC0098732B /* LaunchScreen.storyboard */ = {
			isa = PBXVariantGroup;
			children = (
				B10918802C1E47BC0098732B /* Base */,
			);
			name = LaunchScreen.storyboard;
			sourceTree = "<group>";
		};
/* End PBXVariantGroup section */

/* Begin XCBuildConfiguration section */
		B10918992C1E47BD0098732B /* Debug */ = {
			isa = XCBuildConfiguration;
			buildSettings = {
				ALWAYS_SEARCH_USER_PATHS = NO;
				ASSETCATALOG_COMPILER_GENERATE_SWIFT_ASSET_SYMBOL_EXTENSIONS = YES;
				CLANG_ANALYZER_NONNULL = YES;
				CLANG_ANALYZER_NUMBER_OBJECT_CONVERSION = YES_AGGRESSIVE;
				CLANG_CXX_LANGUAGE_STANDARD = "gnu++20";
				CLANG_ENABLE_MODULES = YES;
				CLANG_ENABLE_OBJC_ARC = YES;
				CLANG_ENABLE_OBJC_WEAK = YES;
				CLANG_WARN_BLOCK_CAPTURE_AUTORELEASING = YES;
				CLANG_WARN_BOOL_CONVERSION = YES;
				CLANG_WARN_COMMA = YES;
				CLANG_WARN_CONSTANT_CONVERSION = YES;
				CLANG_WARN_DEPRECATED_OBJC_IMPLEMENTATIONS = YES;
				CLANG_WARN_DIRECT_OBJC_ISA_USAGE = YES_ERROR;
				CLANG_WARN_DOCUMENTATION_COMMENTS = YES;
				CLANG_WARN_EMPTY_BODY = YES;
				CLANG_WARN_ENUM_CONVERSION = YES;
				CLANG_WARN_INFINITE_RECURSION = YES;
				CLANG_WARN_INT_CONVERSION = YES;
				CLANG_WARN_NON_LITERAL_NULL_CONVERSION = YES;
				CLANG_WARN_OBJC_IMPLICIT_RETAIN_SELF = YES;
				CLANG_WARN_OBJC_LITERAL_CONVERSION = YES;
				CLANG_WARN_OBJC_ROOT_CLASS = YES_ERROR;
				CLANG_WARN_QUOTED_INCLUDE_IN_FRAMEWORK_HEADER = YES;
				CLANG_WARN_RANGE_LOOP_ANALYSIS = YES;
				CLANG_WARN_STRICT_PROTOTYPES = YES;
				CLANG_WARN_SUSPICIOUS_MOVE = YES;
				CLANG_WARN_UNGUARDED_AVAILABILITY = YES_AGGRESSIVE;
				CLANG_WARN_UNREACHABLE_CODE = YES;
				CLANG_WARN__DUPLICATE_METHOD_MATCH = YES;
				COPY_PHASE_STRIP = NO;
				DEBUG_INFORMATION_FORMAT = dwarf;
				ENABLE_STRICT_OBJC_MSGSEND = YES;
				ENABLE_TESTABILITY = YES;
				ENABLE_USER_SCRIPT_SANDBOXING = YES;
				GCC_C_LANGUAGE_STANDARD = gnu17;
				GCC_DYNAMIC_NO_PIC = NO;
				GCC_NO_COMMON_BLOCKS = YES;
				GCC_OPTIMIZATION_LEVEL = 0;
				GCC_PREPROCESSOR_DEFINITIONS = (
					"DEBUG=1",
					"$(inherited)",
				);
				GCC_WARN_64_TO_32_BIT_CONVERSION = YES;
				GCC_WARN_ABOUT_RETURN_TYPE = YES_ERROR;
				GCC_WARN_UNDECLARED_SELECTOR = YES;
				GCC_WARN_UNINITIALIZED_AUTOS = YES_AGGRESSIVE;
				GCC_WARN_UNUSED_FUNCTION = YES;
				GCC_WARN_UNUSED_VARIABLE = YES;
				IPHONEOS_DEPLOYMENT_TARGET = 17.5;
				LOCALIZATION_PREFERS_STRING_CATALOGS = YES;
				MTL_ENABLE_DEBUG_INFO = INCLUDE_SOURCE;
				MTL_FAST_MATH = YES;
				ONLY_ACTIVE_ARCH = YES;
				SDKROOT = iphoneos;
				SWIFT_ACTIVE_COMPILATION_CONDITIONS = "DEBUG $(inherited)";
				SWIFT_OPTIMIZATION_LEVEL = "-Onone";
			};
			name = Debug;
		};
		B109189A2C1E47BD0098732B /* Release */ = {
			isa = XCBuildConfiguration;
			buildSettings = {
				ALWAYS_SEARCH_USER_PATHS = NO;
				ASSETCATALOG_COMPILER_GENERATE_SWIFT_ASSET_SYMBOL_EXTENSIONS = YES;
				CLANG_ANALYZER_NONNULL = YES;
				CLANG_ANALYZER_NUMBER_OBJECT_CONVERSION = YES_AGGRESSIVE;
				CLANG_CXX_LANGUAGE_STANDARD = "gnu++20";
				CLANG_ENABLE_MODULES = YES;
				CLANG_ENABLE_OBJC_ARC = YES;
				CLANG_ENABLE_OBJC_WEAK = YES;
				CLANG_WARN_BLOCK_CAPTURE_AUTORELEASING = YES;
				CLANG_WARN_BOOL_CONVERSION = YES;
				CLANG_WARN_COMMA = YES;
				CLANG_WARN_CONSTANT_CONVERSION = YES;
				CLANG_WARN_DEPRECATED_OBJC_IMPLEMENTATIONS = YES;
				CLANG_WARN_DIRECT_OBJC_ISA_USAGE = YES_ERROR;
				CLANG_WARN_DOCUMENTATION_COMMENTS = YES;
				CLANG_WARN_EMPTY_BODY = YES;
				CLANG_WARN_ENUM_CONVERSION = YES;
				CLANG_WARN_INFINITE_RECURSION = YES;
				CLANG_WARN_INT_CONVERSION = YES;
				CLANG_WARN_NON_LITERAL_NULL_CONVERSION = YES;
				CLANG_WARN_OBJC_IMPLICIT_RETAIN_SELF = YES;
				CLANG_WARN_OBJC_LITERAL_CONVERSION = YES;
				CLANG_WARN_OBJC_ROOT_CLASS = YES_ERROR;
				CLANG_WARN_QUOTED_INCLUDE_IN_FRAMEWORK_HEADER = YES;
				CLANG_WARN_RANGE_LOOP_ANALYSIS = YES;
				CLANG_WARN_STRICT_PROTOTYPES = YES;
				CLANG_WARN_SUSPICIOUS_MOVE = YES;
				CLANG_WARN_UNGUARDED_AVAILABILITY = YES_AGGRESSIVE;
				CLANG_WARN_UNREACHABLE_CODE = YES;
				CLANG_WARN__DUPLICATE_METHOD_MATCH = YES;
				COPY_PHASE_STRIP = NO;
				DEBUG_INFORMATION_FORMAT = "dwarf-with-dsym";
				ENABLE_NS_ASSERTIONS = NO;
				ENABLE_STRICT_OBJC_MSGSEND = YES;
				ENABLE_USER_SCRIPT_SANDBOXING = YES;
				GCC_C_LANGUAGE_STANDARD = gnu17;
				GCC_NO_COMMON_BLOCKS = YES;
				GCC_WARN_64_TO_32_BIT_CONVERSION = YES;
				GCC_WARN_ABOUT_RETURN_TYPE = YES_ERROR;
				GCC_WARN_UNDECLARED_SELECTOR = YES;
				GCC_WARN_UNINITIALIZED_AUTOS = YES_AGGRESSIVE;
				GCC_WARN_UNUSED_FUNCTION = YES;
				GCC_WARN_UNUSED_VARIABLE = YES;
				IPHONEOS_DEPLOYMENT_TARGET = 17.5;
				LOCALIZATION_PREFERS_STRING_CATALOGS = YES;
				MTL_ENABLE_DEBUG_INFO = NO;
				MTL_FAST_MATH = YES;
				SDKROOT = iphoneos;
				SWIFT_COMPILATION_MODE = wholemodule;
				VALIDATE_PRODUCT = YES;
			};
			name = Release;
		};
		B109189C2C1E47BD0098732B /* Debug */ = {
			isa = XCBuildConfiguration;
			buildSettings = {
				ASSETCATALOG_COMPILER_APPICON_NAME = AppIcon;
				ASSETCATALOG_COMPILER_GLOBAL_ACCENT_COLOR_NAME = AccentColor;
				CODE_SIGN_STYLE = Automatic;
				CURRENT_PROJECT_VERSION = 1;
				GENERATE_INFOPLIST_FILE = YES;
				INFOPLIST_FILE = GitHub/Info.plist;
				INFOPLIST_KEY_UIApplicationSupportsIndirectInputEvents = YES;
				INFOPLIST_KEY_UILaunchStoryboardName = LaunchScreen;
				INFOPLIST_KEY_UIMainStoryboardFile = Main;
				INFOPLIST_KEY_UISupportedInterfaceOrientations_iPad = "UIInterfaceOrientationPortrait UIInterfaceOrientationPortraitUpsideDown UIInterfaceOrientationLandscapeLeft UIInterfaceOrientationLandscapeRight";
				INFOPLIST_KEY_UISupportedInterfaceOrientations_iPhone = "UIInterfaceOrientationPortrait UIInterfaceOrientationLandscapeLeft UIInterfaceOrientationLandscapeRight";
				LD_RUNPATH_SEARCH_PATHS = (
					"$(inherited)",
					"@executable_path/Frameworks",
				);
				MARKETING_VERSION = 1.0;
				PRODUCT_BUNDLE_IDENTIFIER = com.akilrafeek.GitHub;
				PRODUCT_NAME = "$(TARGET_NAME)";
				SWIFT_EMIT_LOC_STRINGS = YES;
				SWIFT_VERSION = 5.0;
				TARGETED_DEVICE_FAMILY = "1,2";
			};
			name = Debug;
		};
		B109189D2C1E47BD0098732B /* Release */ = {
			isa = XCBuildConfiguration;
			buildSettings = {
				ASSETCATALOG_COMPILER_APPICON_NAME = AppIcon;
				ASSETCATALOG_COMPILER_GLOBAL_ACCENT_COLOR_NAME = AccentColor;
				CODE_SIGN_STYLE = Automatic;
				CURRENT_PROJECT_VERSION = 1;
				GENERATE_INFOPLIST_FILE = YES;
				INFOPLIST_FILE = GitHub/Info.plist;
				INFOPLIST_KEY_UIApplicationSupportsIndirectInputEvents = YES;
				INFOPLIST_KEY_UILaunchStoryboardName = LaunchScreen;
				INFOPLIST_KEY_UIMainStoryboardFile = Main;
				INFOPLIST_KEY_UISupportedInterfaceOrientations_iPad = "UIInterfaceOrientationPortrait UIInterfaceOrientationPortraitUpsideDown UIInterfaceOrientationLandscapeLeft UIInterfaceOrientationLandscapeRight";
				INFOPLIST_KEY_UISupportedInterfaceOrientations_iPhone = "UIInterfaceOrientationPortrait UIInterfaceOrientationLandscapeLeft UIInterfaceOrientationLandscapeRight";
				LD_RUNPATH_SEARCH_PATHS = (
					"$(inherited)",
					"@executable_path/Frameworks",
				);
				MARKETING_VERSION = 1.0;
				PRODUCT_BUNDLE_IDENTIFIER = com.akilrafeek.GitHub;
				PRODUCT_NAME = "$(TARGET_NAME)";
				SWIFT_EMIT_LOC_STRINGS = YES;
				SWIFT_VERSION = 5.0;
				TARGETED_DEVICE_FAMILY = "1,2";
			};
			name = Release;
		};
		B109189F2C1E47BD0098732B /* Debug */ = {
			isa = XCBuildConfiguration;
			buildSettings = {
				ALWAYS_EMBED_SWIFT_STANDARD_LIBRARIES = YES;
				BUNDLE_LOADER = "$(TEST_HOST)";
				CODE_SIGN_STYLE = Automatic;
				CURRENT_PROJECT_VERSION = 1;
				GENERATE_INFOPLIST_FILE = YES;
				IPHONEOS_DEPLOYMENT_TARGET = 17.5;
				MARKETING_VERSION = 1.0;
				PRODUCT_BUNDLE_IDENTIFIER = com.akilrafeek.GitHubTests;
				PRODUCT_NAME = "$(TARGET_NAME)";
				SWIFT_EMIT_LOC_STRINGS = NO;
				SWIFT_VERSION = 5.0;
				TARGETED_DEVICE_FAMILY = "1,2";
				TEST_HOST = "$(BUILT_PRODUCTS_DIR)/GitHub.app/$(BUNDLE_EXECUTABLE_FOLDER_PATH)/GitHub";
			};
			name = Debug;
		};
		B10918A02C1E47BD0098732B /* Release */ = {
			isa = XCBuildConfiguration;
			buildSettings = {
				ALWAYS_EMBED_SWIFT_STANDARD_LIBRARIES = YES;
				BUNDLE_LOADER = "$(TEST_HOST)";
				CODE_SIGN_STYLE = Automatic;
				CURRENT_PROJECT_VERSION = 1;
				GENERATE_INFOPLIST_FILE = YES;
				IPHONEOS_DEPLOYMENT_TARGET = 17.5;
				MARKETING_VERSION = 1.0;
				PRODUCT_BUNDLE_IDENTIFIER = com.akilrafeek.GitHubTests;
				PRODUCT_NAME = "$(TARGET_NAME)";
				SWIFT_EMIT_LOC_STRINGS = NO;
				SWIFT_VERSION = 5.0;
				TARGETED_DEVICE_FAMILY = "1,2";
				TEST_HOST = "$(BUILT_PRODUCTS_DIR)/GitHub.app/$(BUNDLE_EXECUTABLE_FOLDER_PATH)/GitHub";
			};
			name = Release;
		};
		B10918A22C1E47BD0098732B /* Debug */ = {
			isa = XCBuildConfiguration;
			buildSettings = {
				ALWAYS_EMBED_SWIFT_STANDARD_LIBRARIES = YES;
				CODE_SIGN_STYLE = Automatic;
				CURRENT_PROJECT_VERSION = 1;
				GENERATE_INFOPLIST_FILE = YES;
				MARKETING_VERSION = 1.0;
				PRODUCT_BUNDLE_IDENTIFIER = com.akilrafeek.GitHubUITests;
				PRODUCT_NAME = "$(TARGET_NAME)";
				SWIFT_EMIT_LOC_STRINGS = NO;
				SWIFT_VERSION = 5.0;
				TARGETED_DEVICE_FAMILY = "1,2";
				TEST_TARGET_NAME = GitHub;
			};
			name = Debug;
		};
		B10918A32C1E47BD0098732B /* Release */ = {
			isa = XCBuildConfiguration;
			buildSettings = {
				ALWAYS_EMBED_SWIFT_STANDARD_LIBRARIES = YES;
				CODE_SIGN_STYLE = Automatic;
				CURRENT_PROJECT_VERSION = 1;
				GENERATE_INFOPLIST_FILE = YES;
				MARKETING_VERSION = 1.0;
				PRODUCT_BUNDLE_IDENTIFIER = com.akilrafeek.GitHubUITests;
				PRODUCT_NAME = "$(TARGET_NAME)";
				SWIFT_EMIT_LOC_STRINGS = NO;
				SWIFT_VERSION = 5.0;
				TARGETED_DEVICE_FAMILY = "1,2";
				TEST_TARGET_NAME = GitHub;
			};
			name = Release;
		};
/* End XCBuildConfiguration section */

/* Begin XCConfigurationList section */
		B10918692C1E47BB0098732B /* Build configuration list for PBXProject "GitHub" */ = {
			isa = XCConfigurationList;
			buildConfigurations = (
				B10918992C1E47BD0098732B /* Debug */,
				B109189A2C1E47BD0098732B /* Release */,
			);
			defaultConfigurationIsVisible = 0;
			defaultConfigurationName = Release;
		};
		B109189B2C1E47BD0098732B /* Build configuration list for PBXNativeTarget "GitHub" */ = {
			isa = XCConfigurationList;
			buildConfigurations = (
				B109189C2C1E47BD0098732B /* Debug */,
				B109189D2C1E47BD0098732B /* Release */,
			);
			defaultConfigurationIsVisible = 0;
			defaultConfigurationName = Release;
		};
		B109189E2C1E47BD0098732B /* Build configuration list for PBXNativeTarget "GitHubTests" */ = {
			isa = XCConfigurationList;
			buildConfigurations = (
				B109189F2C1E47BD0098732B /* Debug */,
				B10918A02C1E47BD0098732B /* Release */,
			);
			defaultConfigurationIsVisible = 0;
			defaultConfigurationName = Release;
		};
		B10918A12C1E47BD0098732B /* Build configuration list for PBXNativeTarget "GitHubUITests" */ = {
			isa = XCConfigurationList;
			buildConfigurations = (
				B10918A22C1E47BD0098732B /* Debug */,
				B10918A32C1E47BD0098732B /* Release */,
			);
			defaultConfigurationIsVisible = 0;
			defaultConfigurationName = Release;
		};
/* End XCConfigurationList section */

/* Begin XCVersionGroup section */
		B109187A2C1E47BB0098732B /* GitHub.xcdatamodeld */ = {
			isa = XCVersionGroup;
			children = (
				B109187B2C1E47BB0098732B /* GitHub.xcdatamodel */,
			);
			currentVersion = B109187B2C1E47BB0098732B /* GitHub.xcdatamodel */;
			path = GitHub.xcdatamodeld;
			sourceTree = "<group>";
			versionGroupType = wrapper.xcdatamodel;
		};
/* End XCVersionGroup section */
	};
	rootObject = B10918662C1E47BB0098732B /* Project object */;
}
